
Microsoft Visual Studio Solution File, Format Version 12.00
# Visual Studio 14
VisualStudioVersion = 14.0.24720.0
MinimumVisualStudioVersion = 10.0.40219.1
Project("{2150E333-8FDC-42A3-9474-1A3956D46DE8}") = "Infrastructure", "Infrastructure", "{40B088AD-C6E8-44F1-9C93-37F39798D00D}"
EndProject
Project("{2150E333-8FDC-42A3-9474-1A3956D46DE8}") = "Domain", "Domain", "{22D80C4B-0183-471B-9B60-007A7553C209}"
EndProject
Project("{2150E333-8FDC-42A3-9474-1A3956D46DE8}") = "Application", "Application", "{779DB0BE-5D3D-4767-897A-451CA065D612}"
EndProject
Project("{2150E333-8FDC-42A3-9474-1A3956D46DE8}") = "Interfaces", "Interfaces", "{09E5F9A7-ADBF-4672-8014-851E95E9B4EC}"
EndProject
Project("{FAE04EC0-301F-11D3-BF4B-00C04F79EFBC}") = "ApplicationShared", "Application\ApplicationShared\ApplicationShared.csproj", "{72D65863-9E1B-445A-B9C4-05142DCCF816}"
EndProject
Project("{FAE04EC0-301F-11D3-BF4B-00C04F79EFBC}") = "DomainShared", "Domain\DomainShared\DomainShared.csproj", "{263579D9-FC8B-4012-BCB0-769E0517A83A}"
EndProject
Project("{FAE04EC0-301F-11D3-BF4B-00C04F79EFBC}") = "InfrastructureShared", "Infrastructure\InfrastructureShared\InfrastructureShared.csproj", "{F4770C73-9F9E-4154-8A75-ECF13CC01D51}"
EndProject
Project("{FAE04EC0-301F-11D3-BF4B-00C04F79EFBC}") = "InfrastructureImpl", "Infrastructure\InfrastructureImpl\InfrastructureImpl.csproj", "{3EF13B87-B103-494B-97EA-C22738B2206A}"
EndProject
Project("{FAE04EC0-301F-11D3-BF4B-00C04F79EFBC}") = "Tests", "Domain\Tests\Tests.csproj", "{90962FA1-6575-4D04-8F46-054DC0230036}"
EndProject
Project("{FAE04EC0-301F-11D3-BF4B-00C04F79EFBC}") = "Tests", "Application\Tests\Tests.csproj", "{0EB6FB06-52A4-486A-9090-16280A9445AB}"
EndProject
Project("{2150E333-8FDC-42A3-9474-1A3956D46DE8}") = "SolutionItems", "SolutionItems", "{C357603D-3941-4ACD-9824-794496A27481}"
	ProjectSection(SolutionItems) = preProject
		SolutionItems\Archiv10.snk = SolutionItems\Archiv10.snk
		SolutionItems\GlobalAssemblyInfo.cs = SolutionItems\GlobalAssemblyInfo.cs
		SolutionItems\ImmerArchiv.ico = SolutionItems\ImmerArchiv.ico
		SolutionItems\ProductInfo.xml = SolutionItems\ProductInfo.xml
	EndProjectSection
EndProject
Project("{2150E333-8FDC-42A3-9474-1A3956D46DE8}") = "Locator", "Locator", "{33AB2BE4-7A70-4AB3-88FC-338D098DFF98}"
EndProject
Project("{FAE04EC0-301F-11D3-BF4B-00C04F79EFBC}") = "Internal", "Locator\Internal\Internal.csproj", "{220631D3-2AAA-49A9-89C2-4DFB705DBDE4}"
EndProject
Project("{FAE04EC0-301F-11D3-BF4B-00C04F79EFBC}") = "POC", "Infrastructure\POC\POC.csproj", "{A0820F70-603E-4434-88FF-DDC3512B4C40}"
EndProject
Project("{FAE04EC0-301F-11D3-BF4B-00C04F79EFBC}") = "ImportDialog", "Interfaces\ImportDialog\ImportDialog.csproj", "{9D012C51-7A74-47D6-A8E9-DF0333C24C5F}"
EndProject
Project("{FAE04EC0-301F-11D3-BF4B-00C04F79EFBC}") = "ApplicationImpl", "Application\ApplicationImpl\ApplicationImpl.csproj", "{3BA6E20B-30DF-42D0-9AA3-D03D00987336}"
EndProject
Project("{FAE04EC0-301F-11D3-BF4B-00C04F79EFBC}") = "DomainImpl", "Domain\DomainImpl\DomainImpl.csproj", "{4F5CA68B-E3CD-4EEC-90AC-D5F3B2167E6D}"
EndProject
Project("{2150E333-8FDC-42A3-9474-1A3956D46DE8}") = "Installer", "Installer", "{A4581F53-BCF3-4574-B2F4-9B5E60C809FD}"
EndProject
Project("{930C7802-8A8C-48F9-8165-68863BCCD9DD}") = "SetupImportTool", "Installer\SetupImportTool\SetupImportTool.wixproj", "{14D69177-A870-45F8-AD4E-5088D64A8012}"
	ProjectSection(ProjectDependencies) = postProject
		{3BA6E20B-30DF-42D0-9AA3-D03D00987336} = {3BA6E20B-30DF-42D0-9AA3-D03D00987336}
		{9D012C51-7A74-47D6-A8E9-DF0333C24C5F} = {9D012C51-7A74-47D6-A8E9-DF0333C24C5F}
		{72D65863-9E1B-445A-B9C4-05142DCCF816} = {72D65863-9E1B-445A-B9C4-05142DCCF816}
		{F4770C73-9F9E-4154-8A75-ECF13CC01D51} = {F4770C73-9F9E-4154-8A75-ECF13CC01D51}
		{3EF13B87-B103-494B-97EA-C22738B2206A} = {3EF13B87-B103-494B-97EA-C22738B2206A}
		{4F5CA68B-E3CD-4EEC-90AC-D5F3B2167E6D} = {4F5CA68B-E3CD-4EEC-90AC-D5F3B2167E6D}
		{220631D3-2AAA-49A9-89C2-4DFB705DBDE4} = {220631D3-2AAA-49A9-89C2-4DFB705DBDE4}
		{263579D9-FC8B-4012-BCB0-769E0517A83A} = {263579D9-FC8B-4012-BCB0-769E0517A83A}
	EndProjectSection
EndProject
Project("{FAE04EC0-301F-11D3-BF4B-00C04F79EFBC}") = "ImportService", "Interfaces\ImportService\ImportService.csproj", "{C698AD26-A5E7-4E05-B271-D56621D0CDF9}"
EndProject
Project("{FAE04EC0-301F-11D3-BF4B-00C04F79EFBC}") = "TestImportService", "Interfaces\RunImportService\TestImportService.csproj", "{57786EB9-578C-4CF7-A6AF-540DD2B14DDA}"
EndProject
Project("{FAE04EC0-301F-11D3-BF4B-00C04F79EFBC}") = "ServiceConfigurationDialog", "Interfaces\ServiceConfigurationDialog\ServiceConfigurationDialog.csproj", "{3FE2FB91-7C19-46DA-8535-5AF772DE3606}"
EndProject
Project("{FAE04EC0-301F-11D3-BF4B-00C04F79EFBC}") = "SharedDialogs", "Interfaces\SharedDialogs\SharedDialogs.csproj", "{DD7B6E1F-6D3B-4E28-9E25-B5080BDD9877}"
EndProject
Project("{930C7802-8A8C-48F9-8165-68863BCCD9DD}") = "SetupImportService", "Installer\SetupImportService\SetupImportService.wixproj", "{1699AA53-BC4E-420D-A079-904F33DA60C8}"
EndProject
Global
	GlobalSection(SolutionConfigurationPlatforms) = preSolution
		Debug|Any CPU = Debug|Any CPU
		Debug|x86 = Debug|x86
		Release|Any CPU = Release|Any CPU
		Release|x86 = Release|x86
	EndGlobalSection
	GlobalSection(ProjectConfigurationPlatforms) = postSolution
		{72D65863-9E1B-445A-B9C4-05142DCCF816}.Debug|Any CPU.ActiveCfg = Debug|Any CPU
		{72D65863-9E1B-445A-B9C4-05142DCCF816}.Debug|Any CPU.Build.0 = Debug|Any CPU
		{72D65863-9E1B-445A-B9C4-05142DCCF816}.Debug|x86.ActiveCfg = Debug|Any CPU
		{72D65863-9E1B-445A-B9C4-05142DCCF816}.Debug|x86.Build.0 = Debug|Any CPU
		{72D65863-9E1B-445A-B9C4-05142DCCF816}.Release|Any CPU.ActiveCfg = Release|Any CPU
		{72D65863-9E1B-445A-B9C4-05142DCCF816}.Release|Any CPU.Build.0 = Release|Any CPU
		{72D65863-9E1B-445A-B9C4-05142DCCF816}.Release|x86.ActiveCfg = Release|Any CPU
		{72D65863-9E1B-445A-B9C4-05142DCCF816}.Release|x86.Build.0 = Release|Any CPU
		{263579D9-FC8B-4012-BCB0-769E0517A83A}.Debug|Any CPU.ActiveCfg = Debug|Any CPU
		{263579D9-FC8B-4012-BCB0-769E0517A83A}.Debug|Any CPU.Build.0 = Debug|Any CPU
		{263579D9-FC8B-4012-BCB0-769E0517A83A}.Debug|x86.ActiveCfg = Debug|Any CPU
		{263579D9-FC8B-4012-BCB0-769E0517A83A}.Debug|x86.Build.0 = Debug|Any CPU
		{263579D9-FC8B-4012-BCB0-769E0517A83A}.Release|Any CPU.ActiveCfg = Release|Any CPU
		{263579D9-FC8B-4012-BCB0-769E0517A83A}.Release|Any CPU.Build.0 = Release|Any CPU
		{263579D9-FC8B-4012-BCB0-769E0517A83A}.Release|x86.ActiveCfg = Release|Any CPU
		{263579D9-FC8B-4012-BCB0-769E0517A83A}.Release|x86.Build.0 = Release|Any CPU
		{F4770C73-9F9E-4154-8A75-ECF13CC01D51}.Debug|Any CPU.ActiveCfg = Debug|Any CPU
		{F4770C73-9F9E-4154-8A75-ECF13CC01D51}.Debug|Any CPU.Build.0 = Debug|Any CPU
		{F4770C73-9F9E-4154-8A75-ECF13CC01D51}.Debug|x86.ActiveCfg = Debug|Any CPU
		{F4770C73-9F9E-4154-8A75-ECF13CC01D51}.Debug|x86.Build.0 = Debug|Any CPU
		{F4770C73-9F9E-4154-8A75-ECF13CC01D51}.Release|Any CPU.ActiveCfg = Release|Any CPU
		{F4770C73-9F9E-4154-8A75-ECF13CC01D51}.Release|Any CPU.Build.0 = Release|Any CPU
		{F4770C73-9F9E-4154-8A75-ECF13CC01D51}.Release|x86.ActiveCfg = Release|Any CPU
		{F4770C73-9F9E-4154-8A75-ECF13CC01D51}.Release|x86.Build.0 = Release|Any CPU
		{3EF13B87-B103-494B-97EA-C22738B2206A}.Debug|Any CPU.ActiveCfg = Debug|Any CPU
		{3EF13B87-B103-494B-97EA-C22738B2206A}.Debug|Any CPU.Build.0 = Debug|Any CPU
		{3EF13B87-B103-494B-97EA-C22738B2206A}.Debug|x86.ActiveCfg = Debug|Any CPU
		{3EF13B87-B103-494B-97EA-C22738B2206A}.Debug|x86.Build.0 = Debug|Any CPU
		{3EF13B87-B103-494B-97EA-C22738B2206A}.Release|Any CPU.ActiveCfg = Release|Any CPU
		{3EF13B87-B103-494B-97EA-C22738B2206A}.Release|Any CPU.Build.0 = Release|Any CPU
		{3EF13B87-B103-494B-97EA-C22738B2206A}.Release|x86.ActiveCfg = Release|Any CPU
		{3EF13B87-B103-494B-97EA-C22738B2206A}.Release|x86.Build.0 = Release|Any CPU
		{90962FA1-6575-4D04-8F46-054DC0230036}.Debug|Any CPU.ActiveCfg = Debug|Any CPU
		{90962FA1-6575-4D04-8F46-054DC0230036}.Debug|Any CPU.Build.0 = Debug|Any CPU
		{90962FA1-6575-4D04-8F46-054DC0230036}.Debug|x86.ActiveCfg = Debug|Any CPU
		{90962FA1-6575-4D04-8F46-054DC0230036}.Debug|x86.Build.0 = Debug|Any CPU
		{90962FA1-6575-4D04-8F46-054DC0230036}.Release|Any CPU.ActiveCfg = Release|Any CPU
		{90962FA1-6575-4D04-8F46-054DC0230036}.Release|Any CPU.Build.0 = Release|Any CPU
		{90962FA1-6575-4D04-8F46-054DC0230036}.Release|x86.ActiveCfg = Release|Any CPU
		{90962FA1-6575-4D04-8F46-054DC0230036}.Release|x86.Build.0 = Release|Any CPU
		{0EB6FB06-52A4-486A-9090-16280A9445AB}.Debug|Any CPU.ActiveCfg = Debug|Any CPU
		{0EB6FB06-52A4-486A-9090-16280A9445AB}.Debug|Any CPU.Build.0 = Debug|Any CPU
		{0EB6FB06-52A4-486A-9090-16280A9445AB}.Debug|x86.ActiveCfg = Debug|Any CPU
		{0EB6FB06-52A4-486A-9090-16280A9445AB}.Debug|x86.Build.0 = Debug|Any CPU
		{0EB6FB06-52A4-486A-9090-16280A9445AB}.Release|Any CPU.ActiveCfg = Release|Any CPU
		{0EB6FB06-52A4-486A-9090-16280A9445AB}.Release|Any CPU.Build.0 = Release|Any CPU
		{0EB6FB06-52A4-486A-9090-16280A9445AB}.Release|x86.ActiveCfg = Release|Any CPU
		{0EB6FB06-52A4-486A-9090-16280A9445AB}.Release|x86.Build.0 = Release|Any CPU
		{220631D3-2AAA-49A9-89C2-4DFB705DBDE4}.Debug|Any CPU.ActiveCfg = Debug|Any CPU
		{220631D3-2AAA-49A9-89C2-4DFB705DBDE4}.Debug|Any CPU.Build.0 = Debug|Any CPU
		{220631D3-2AAA-49A9-89C2-4DFB705DBDE4}.Debug|x86.ActiveCfg = Debug|Any CPU
		{220631D3-2AAA-49A9-89C2-4DFB705DBDE4}.Debug|x86.Build.0 = Debug|Any CPU
		{220631D3-2AAA-49A9-89C2-4DFB705DBDE4}.Release|Any CPU.ActiveCfg = Release|Any CPU
		{220631D3-2AAA-49A9-89C2-4DFB705DBDE4}.Release|Any CPU.Build.0 = Release|Any CPU
		{220631D3-2AAA-49A9-89C2-4DFB705DBDE4}.Release|x86.ActiveCfg = Release|Any CPU
		{220631D3-2AAA-49A9-89C2-4DFB705DBDE4}.Release|x86.Build.0 = Release|Any CPU
		{A0820F70-603E-4434-88FF-DDC3512B4C40}.Debug|Any CPU.ActiveCfg = Debug|Any CPU
		{A0820F70-603E-4434-88FF-DDC3512B4C40}.Debug|Any CPU.Build.0 = Debug|Any CPU
		{A0820F70-603E-4434-88FF-DDC3512B4C40}.Debug|x86.ActiveCfg = Debug|Any CPU
		{A0820F70-603E-4434-88FF-DDC3512B4C40}.Debug|x86.Build.0 = Debug|Any CPU
		{A0820F70-603E-4434-88FF-DDC3512B4C40}.Release|Any CPU.ActiveCfg = Release|Any CPU
		{A0820F70-603E-4434-88FF-DDC3512B4C40}.Release|Any CPU.Build.0 = Release|Any CPU
		{A0820F70-603E-4434-88FF-DDC3512B4C40}.Release|x86.ActiveCfg = Release|Any CPU
		{A0820F70-603E-4434-88FF-DDC3512B4C40}.Release|x86.Build.0 = Release|Any CPU
		{9D012C51-7A74-47D6-A8E9-DF0333C24C5F}.Debug|Any CPU.ActiveCfg = Debug|Any CPU
		{9D012C51-7A74-47D6-A8E9-DF0333C24C5F}.Debug|Any CPU.Build.0 = Debug|Any CPU
		{9D012C51-7A74-47D6-A8E9-DF0333C24C5F}.Debug|x86.ActiveCfg = Debug|Any CPU
		{9D012C51-7A74-47D6-A8E9-DF0333C24C5F}.Debug|x86.Build.0 = Debug|Any CPU
		{9D012C51-7A74-47D6-A8E9-DF0333C24C5F}.Release|Any CPU.ActiveCfg = Release|Any CPU
		{9D012C51-7A74-47D6-A8E9-DF0333C24C5F}.Release|Any CPU.Build.0 = Release|Any CPU
		{9D012C51-7A74-47D6-A8E9-DF0333C24C5F}.Release|x86.ActiveCfg = Release|Any CPU
		{9D012C51-7A74-47D6-A8E9-DF0333C24C5F}.Release|x86.Build.0 = Release|Any CPU
		{3BA6E20B-30DF-42D0-9AA3-D03D00987336}.Debug|Any CPU.ActiveCfg = Debug|Any CPU
		{3BA6E20B-30DF-42D0-9AA3-D03D00987336}.Debug|Any CPU.Build.0 = Debug|Any CPU
		{3BA6E20B-30DF-42D0-9AA3-D03D00987336}.Debug|x86.ActiveCfg = Debug|Any CPU
		{3BA6E20B-30DF-42D0-9AA3-D03D00987336}.Debug|x86.Build.0 = Debug|Any CPU
		{3BA6E20B-30DF-42D0-9AA3-D03D00987336}.Release|Any CPU.ActiveCfg = Release|Any CPU
		{3BA6E20B-30DF-42D0-9AA3-D03D00987336}.Release|Any CPU.Build.0 = Release|Any CPU
		{3BA6E20B-30DF-42D0-9AA3-D03D00987336}.Release|x86.ActiveCfg = Release|Any CPU
		{3BA6E20B-30DF-42D0-9AA3-D03D00987336}.Release|x86.Build.0 = Release|Any CPU
		{4F5CA68B-E3CD-4EEC-90AC-D5F3B2167E6D}.Debug|Any CPU.ActiveCfg = Debug|Any CPU
		{4F5CA68B-E3CD-4EEC-90AC-D5F3B2167E6D}.Debug|Any CPU.Build.0 = Debug|Any CPU
		{4F5CA68B-E3CD-4EEC-90AC-D5F3B2167E6D}.Debug|x86.ActiveCfg = Debug|Any CPU
		{4F5CA68B-E3CD-4EEC-90AC-D5F3B2167E6D}.Debug|x86.Build.0 = Debug|Any CPU
		{4F5CA68B-E3CD-4EEC-90AC-D5F3B2167E6D}.Release|Any CPU.ActiveCfg = Release|Any CPU
		{4F5CA68B-E3CD-4EEC-90AC-D5F3B2167E6D}.Release|Any CPU.Build.0 = Release|Any CPU
		{4F5CA68B-E3CD-4EEC-90AC-D5F3B2167E6D}.Release|x86.ActiveCfg = Release|Any CPU
		{4F5CA68B-E3CD-4EEC-90AC-D5F3B2167E6D}.Release|x86.Build.0 = Release|Any CPU
		{14D69177-A870-45F8-AD4E-5088D64A8012}.Debug|Any CPU.ActiveCfg = Debug|x86
		{14D69177-A870-45F8-AD4E-5088D64A8012}.Debug|x86.ActiveCfg = Debug|x86
		{14D69177-A870-45F8-AD4E-5088D64A8012}.Debug|x86.Build.0 = Debug|x86
		{14D69177-A870-45F8-AD4E-5088D64A8012}.Release|Any CPU.ActiveCfg = Release|x86
		{14D69177-A870-45F8-AD4E-5088D64A8012}.Release|x86.ActiveCfg = Release|x86
		{14D69177-A870-45F8-AD4E-5088D64A8012}.Release|x86.Build.0 = Release|x86
		{C698AD26-A5E7-4E05-B271-D56621D0CDF9}.Debug|Any CPU.ActiveCfg = Debug|Any CPU
		{C698AD26-A5E7-4E05-B271-D56621D0CDF9}.Debug|Any CPU.Build.0 = Debug|Any CPU
		{C698AD26-A5E7-4E05-B271-D56621D0CDF9}.Debug|x86.ActiveCfg = Debug|Any CPU
		{C698AD26-A5E7-4E05-B271-D56621D0CDF9}.Debug|x86.Build.0 = Debug|Any CPU
		{C698AD26-A5E7-4E05-B271-D56621D0CDF9}.Release|Any CPU.ActiveCfg = Release|Any CPU
		{C698AD26-A5E7-4E05-B271-D56621D0CDF9}.Release|Any CPU.Build.0 = Release|Any CPU
		{C698AD26-A5E7-4E05-B271-D56621D0CDF9}.Release|x86.ActiveCfg = Release|Any CPU
		{C698AD26-A5E7-4E05-B271-D56621D0CDF9}.Release|x86.Build.0 = Release|Any CPU
		{57786EB9-578C-4CF7-A6AF-540DD2B14DDA}.Debug|Any CPU.ActiveCfg = Debug|Any CPU
		{57786EB9-578C-4CF7-A6AF-540DD2B14DDA}.Debug|Any CPU.Build.0 = Debug|Any CPU
		{57786EB9-578C-4CF7-A6AF-540DD2B14DDA}.Debug|x86.ActiveCfg = Debug|Any CPU
		{57786EB9-578C-4CF7-A6AF-540DD2B14DDA}.Debug|x86.Build.0 = Debug|Any CPU
		{57786EB9-578C-4CF7-A6AF-540DD2B14DDA}.Release|Any CPU.ActiveCfg = Release|Any CPU
		{57786EB9-578C-4CF7-A6AF-540DD2B14DDA}.Release|Any CPU.Build.0 = Release|Any CPU
		{57786EB9-578C-4CF7-A6AF-540DD2B14DDA}.Release|x86.ActiveCfg = Release|Any CPU
		{57786EB9-578C-4CF7-A6AF-540DD2B14DDA}.Release|x86.Build.0 = Release|Any CPU
		{3FE2FB91-7C19-46DA-8535-5AF772DE3606}.Debug|Any CPU.ActiveCfg = Debug|Any CPU
		{3FE2FB91-7C19-46DA-8535-5AF772DE3606}.Debug|Any CPU.Build.0 = Debug|Any CPU
		{3FE2FB91-7C19-46DA-8535-5AF772DE3606}.Debug|x86.ActiveCfg = Debug|Any CPU
		{3FE2FB91-7C19-46DA-8535-5AF772DE3606}.Debug|x86.Build.0 = Debug|Any CPU
		{3FE2FB91-7C19-46DA-8535-5AF772DE3606}.Release|Any CPU.ActiveCfg = Release|Any CPU
		{3FE2FB91-7C19-46DA-8535-5AF772DE3606}.Release|Any CPU.Build.0 = Release|Any CPU
		{3FE2FB91-7C19-46DA-8535-5AF772DE3606}.Release|x86.ActiveCfg = Release|Any CPU
		{3FE2FB91-7C19-46DA-8535-5AF772DE3606}.Release|x86.Build.0 = Release|Any CPU
		{DD7B6E1F-6D3B-4E28-9E25-B5080BDD9877}.Debug|Any CPU.ActiveCfg = Debug|Any CPU
		{DD7B6E1F-6D3B-4E28-9E25-B5080BDD9877}.Debug|Any CPU.Build.0 = Debug|Any CPU
		{DD7B6E1F-6D3B-4E28-9E25-B5080BDD9877}.Debug|x86.ActiveCfg = Debug|Any CPU
		{DD7B6E1F-6D3B-4E28-9E25-B5080BDD9877}.Debug|x86.Build.0 = Debug|Any CPU
		{DD7B6E1F-6D3B-4E28-9E25-B5080BDD9877}.Release|Any CPU.ActiveCfg = Release|Any CPU
		{DD7B6E1F-6D3B-4E28-9E25-B5080BDD9877}.Release|Any CPU.Build.0 = Release|Any CPU
		{DD7B6E1F-6D3B-4E28-9E25-B5080BDD9877}.Release|x86.ActiveCfg = Release|Any CPU
		{DD7B6E1F-6D3B-4E28-9E25-B5080BDD9877}.Release|x86.Build.0 = Release|Any CPU
		{1699AA53-BC4E-420D-A079-904F33DA60C8}.Debug|Any CPU.ActiveCfg = Debug|x86
		{1699AA53-BC4E-420D-A079-904F33DA60C8}.Debug|x86.ActiveCfg = Debug|x86
		{1699AA53-BC4E-420D-A079-904F33DA60C8}.Debug|x86.Build.0 = Debug|x86
		{1699AA53-BC4E-420D-A079-904F33DA60C8}.Release|Any CPU.ActiveCfg = Release|x86
		{1699AA53-BC4E-420D-A079-904F33DA60C8}.Release|x86.ActiveCfg = Release|x86
		{1699AA53-BC4E-420D-A079-904F33DA60C8}.Release|x86.Build.0 = Release|x86
	EndGlobalSection
	GlobalSection(SolutionProperties) = preSolution
		HideSolutionNode = FALSE
	EndGlobalSection
	GlobalSection(NestedProjects) = preSolution
		{72D65863-9E1B-445A-B9C4-05142DCCF816} = {779DB0BE-5D3D-4767-897A-451CA065D612}
		{263579D9-FC8B-4012-BCB0-769E0517A83A} = {22D80C4B-0183-471B-9B60-007A7553C209}
		{F4770C73-9F9E-4154-8A75-ECF13CC01D51} = {40B088AD-C6E8-44F1-9C93-37F39798D00D}
		{3EF13B87-B103-494B-97EA-C22738B2206A} = {40B088AD-C6E8-44F1-9C93-37F39798D00D}
		{90962FA1-6575-4D04-8F46-054DC0230036} = {22D80C4B-0183-471B-9B60-007A7553C209}
		{0EB6FB06-52A4-486A-9090-16280A9445AB} = {779DB0BE-5D3D-4767-897A-451CA065D612}
		{220631D3-2AAA-49A9-89C2-4DFB705DBDE4} = {33AB2BE4-7A70-4AB3-88FC-338D098DFF98}
		{A0820F70-603E-4434-88FF-DDC3512B4C40} = {40B088AD-C6E8-44F1-9C93-37F39798D00D}
		{9D012C51-7A74-47D6-A8E9-DF0333C24C5F} = {09E5F9A7-ADBF-4672-8014-851E95E9B4EC}
		{3BA6E20B-30DF-42D0-9AA3-D03D00987336} = {779DB0BE-5D3D-4767-897A-451CA065D612}
		{4F5CA68B-E3CD-4EEC-90AC-D5F3B2167E6D} = {22D80C4B-0183-471B-9B60-007A7553C209}
		{14D69177-A870-45F8-AD4E-5088D64A8012} = {A4581F53-BCF3-4574-B2F4-9B5E60C809FD}
		{C698AD26-A5E7-4E05-B271-D56621D0CDF9} = {09E5F9A7-ADBF-4672-8014-851E95E9B4EC}
		{57786EB9-578C-4CF7-A6AF-540DD2B14DDA} = {09E5F9A7-ADBF-4672-8014-851E95E9B4EC}
		{3FE2FB91-7C19-46DA-8535-5AF772DE3606} = {09E5F9A7-ADBF-4672-8014-851E95E9B4EC}
		{DD7B6E1F-6D3B-4E28-9E25-B5080BDD9877} = {09E5F9A7-ADBF-4672-8014-851E95E9B4EC}
		{1699AA53-BC4E-420D-A079-904F33DA60C8} = {A4581F53-BCF3-4574-B2F4-9B5E60C809FD}
	EndGlobalSection
EndGlobal
